{
  "requires": true,
  "lockfileVersion": 1,
  "dependencies": {
    "mini-antui": {
      "version": "0.4.29",
      "resolved": "https://registry.npmjs.org/mini-antui/-/mini-antui-0.4.29.tgz",
      "integrity": "sha512-8tI+nNZvHVs83VPrwgfejThgJ+I3nI2ol0Uf1mOaUuttDRb7WqKbO38+sWC8QqeyEdCFeGtq+rDbn+YAu9WGUw=="
    }
  }
}
